// !$*UTF8*$!
{
	archiveVersion = 1;
	classes = {
	};
	objectVersion = 48;
	objects = {

/* Begin PBXBuildFile section */
		EF901B0A1F90DFD500F88DB0 /* AppDelegate.swift in Sources */ = {isa = PBXBuildFile; fileRef = EF901B091F90DFD500F88DB0 /* AppDelegate.swift */; };
		EF901B0C1F90DFD500F88DB0 /* ViewController.swift in Sources */ = {isa = PBXBuildFile; fileRef = EF901B0B1F90DFD500F88DB0 /* ViewController.swift */; };
		EF901B0F1F90DFD500F88DB0 /* Main.storyboard in Resources */ = {isa = PBXBuildFile; fileRef = EF901B0D1F90DFD500F88DB0 /* Main.storyboard */; };
		EF901B111F90DFD500F88DB0 /* Assets.xcassets in Resources */ = {isa = PBXBuildFile; fileRef = EF901B101F90DFD500F88DB0 /* Assets.xcassets */; };
		EF901B141F90DFD500F88DB0 /* LaunchScreen.storyboard in Resources */ = {isa = PBXBuildFile; fileRef = EF901B121F90DFD500F88DB0 /* LaunchScreen.storyboard */; };
		F7954AC6EC1C64A307990FB3 /* Pods_GDG.framework in Frameworks */ = {isa = PBXBuildFile; fileRef = D2C6AF46CB77B0674C8DF797 /* Pods_GDG.framework */; };
/* End PBXBuildFile section */

/* Begin PBXFileReference section */
		70302B7F0AE44CE29FF8CD1B /* Pods-GDG.release.xcconfig */ = {isa = PBXFileReference; includeInIndex = 1; lastKnownFileType = text.xcconfig; name = "Pods-GDG.release.xcconfig"; path = "Pods/Target Support Files/Pods-GDG/Pods-GDG.release.xcconfig"; sourceTree = "<group>"; };
		D2C6AF46CB77B0674C8DF797 /* Pods_GDG.framework */ = {isa = PBXFileReference; explicitFileType = wrapper.framework; includeInIndex = 0; path = Pods_GDG.framework; sourceTree = BUILT_PRODUCTS_DIR; };
		E2DA410FFEC75CEFE54F5AC3 /* Pods-GDG.debug.xcconfig */ = {isa = PBXFileReference; includeInIndex = 1; lastKnownFileType = text.xcconfig; name = "Pods-GDG.debug.xcconfig"; path = "Pods/Target Support Files/Pods-GDG/Pods-GDG.debug.xcconfig"; sourceTree = "<group>"; };
		EF901B061F90DFD400F88DB0 /* GDG.app */ = {isa = PBXFileReference; explicitFileType = wrapper.application; includeInIndex = 0; path = GDG.app; sourceTree = BUILT_PRODUCTS_DIR; };
		EF901B091F90DFD500F88DB0 /* AppDelegate.swift */ = {isa = PBXFileReference; lastKnownFileType = sourcecode.swift; path = AppDelegate.swift; sourceTree = "<group>"; };
		EF901B0B1F90DFD500F88DB0 /* ViewController.swift */ = {isa = PBXFileReference; lastKnownFileType = sourcecode.swift; path = ViewController.swift; sourceTree = "<group>"; };
		EF901B0E1F90DFD500F88DB0 /* Base */ = {isa = PBXFileReference; lastKnownFileType = file.storyboard; name = Base; path = Base.lproj/Main.storyboard; sourceTree = "<group>"; };
		EF901B101F90DFD500F88DB0 /* Assets.xcassets */ = {isa = PBXFileReference; lastKnownFileType = folder.assetcatalog; path = Assets.xcassets; sourceTree = "<group>"; };
		EF901B131F90DFD500F88DB0 /* Base */ = {isa = PBXFileReference; lastKnownFileType = file.storyboard; name = Base; path = Base.lproj/LaunchScreen.storyboard; sourceTree = "<group>"; };
		EF901B151F90DFD500F88DB0 /* Info.plist */ = {isa = PBXFileReference; lastKnownFileType = text.plist.xml; path = Info.plist; sourceTree = "<group>"; };
/* End PBXFileReference section */

/* Begin PBXFrameworksBuildPhase section */
		EF901B031F90DFD400F88DB0 /* Frameworks */ = {
			isa = PBXFrameworksBuildPhase;
			buildActionMask = 2147483647;
			files = (
				F7954AC6EC1C64A307990FB3 /* Pods_GDG.framework in Frameworks */,
			);
			runOnlyForDeploymentPostprocessing = 0;
		};
/* End PBXFrameworksBuildPhase section */

/* Begin PBXGroup section */
		333F7E437C9C3BCFE1676742 /* Pods */ = {
			isa = PBXGroup;
			children = (
				E2DA410FFEC75CEFE54F5AC3 /* Pods-GDG.debug.xcconfig */,
				70302B7F0AE44CE29FF8CD1B /* Pods-GDG.release.xcconfig */,
			);
			name = Pods;
			sourceTree = "<group>";
		};
		5107674B622DFB5AD3B78720 /* Frameworks */ = {
			isa = PBXGroup;
			children = (
				D2C6AF46CB77B0674C8DF797 /* Pods_GDG.framework */,
			);
			name = Frameworks;
			sourceTree = "<group>";
		};
		EF901AFD1F90DFD400F88DB0 = {
			isa = PBXGroup;
			children = (
				EF901B081F90DFD400F88DB0 /* GDG */,
				EF901B071F90DFD400F88DB0 /* Products */,
				333F7E437C9C3BCFE1676742 /* Pods */,
				5107674B622DFB5AD3B78720 /* Frameworks */,
			);
			sourceTree = "<group>";
		};
		EF901B071F90DFD400F88DB0 /* Products */ = {
			isa = PBXGroup;
			children = (
				EF901B061F90DFD400F88DB0 /* GDG.app */,
			);
			name = Products;
			sourceTree = "<group>";
		};
		EF901B081F90DFD400F88DB0 /* GDG */ = {
			isa = PBXGroup;
			children = (
				EF901B091F90DFD500F88DB0 /* AppDelegate.swift */,
				EF901B0B1F90DFD500F88DB0 /* ViewController.swift */,
				EF901B0D1F90DFD500F88DB0 /* Main.storyboard */,
				EF901B101F90DFD500F88DB0 /* Assets.xcassets */,
				EF901B121F90DFD500F88DB0 /* LaunchScreen.storyboard */,
				EF901B151F90DFD500F88DB0 /* Info.plist */,
			);
			path = GDG;
			sourceTree = "<group>";
		};
/* End PBXGroup section */

/* Begin PBXNativeTarget section */
		EF901B051F90DFD400F88DB0 /* GDG */ = {
			isa = PBXNativeTarget;
			buildConfigurationList = EF901B181F90DFD500F88DB0 /* Build configuration list for PBXNativeTarget "GDG" */;
			buildPhases = (
				617CCFB01873695F3262C4E3 /* [CP] Check Pods Manifest.lock */,
				EF901B021F90DFD400F88DB0 /* Sources */,
				EF901B031F90DFD400F88DB0 /* Frameworks */,
				EF901B041F90DFD400F88DB0 /* Resources */,
				FA61D73525F8A88B492F0872 /* [CP] Embed Pods Frameworks */,
				CEA7F9D105343050F0361611 /* [CP] Copy Pods Resources */,
			);
			buildRules = (
			);
			dependencies = (
			);
			name = GDG;
			productName = GDG;
			productReference = EF901B061F90DFD400F88DB0 /* GDG.app */;
			productType = "com.apple.product-type.application";
		};
/* End PBXNativeTarget section */

/* Begin PBXProject section */
		EF901AFE1F90DFD400F88DB0 /* Project object */ = {
			isa = PBXProject;
			attributes = {
				LastSwiftUpdateCheck = 0900;
				LastUpgradeCheck = 0900;
				ORGANIZATIONNAME = "Vladislav Prusakov";
				TargetAttributes = {
					EF901B051F90DFD400F88DB0 = {
						CreatedOnToolsVersion = 9.0;
						ProvisioningStyle = Automatic;
					};
				};
			};
			buildConfigurationList = EF901B011F90DFD400F88DB0 /* Build configuration list for PBXProject "GDG" */;
			compatibilityVersion = "Xcode 8.0";
			developmentRegion = en;
			hasScannedForEncodings = 0;
			knownRegions = (
				en,
				Base,
			);
			mainGroup = EF901AFD1F90DFD400F88DB0;
			productRefGroup = EF901B071F90DFD400F88DB0 /* Products */;
			projectDirPath = "";
			projectRoot = "";
			targets = (
				EF901B051F90DFD400F88DB0 /* GDG */,
			);
		};
/* End PBXProject section */

/* Begin PBXResourcesBuildPhase section */
		EF901B041F90DFD400F88DB0 /* Resources */ = {
			isa = PBXResourcesBuildPhase;
			buildActionMask = 2147483647;
			files = (
				EF901B141F90DFD500F88DB0 /* LaunchScreen.storyboard in Resources */,
				EF901B111F90DFD500F88DB0 /* Assets.xcassets in Resources */,
				EF901B0F1F90DFD500F88DB0 /* Main.storyboard in Resources */,
			);
			runOnlyForDeploymentPostprocessing = 0;
		};
/* End PBXResourcesBuildPhase section */

/* Begin PBXShellScriptBuildPhase section */
		617CCFB01873695F3262C4E3 /* [CP] Check Pods Manifest.lock */ = {
			isa = PBXShellScriptBuildPhase;
			buildActionMask = 2147483647;
			files = (
			);
			inputPaths = (
			);
			name = "[CP] Check Pods Manifest.lock";
			outputPaths = (
			);
			runOnlyForDeploymentPostprocessing = 0;
			shellPath = /bin/sh;
			shellScript = "diff \"${PODS_PODFILE_DIR_PATH}/Podfile.lock\" \"${PODS_ROOT}/Manifest.lock\" > /dev/null\nif [ $? != 0 ] ; then\n    # print error to STDERR\n    echo \"error: The sandbox is not in sync with the Podfile.lock. Run 'pod install' or update your CocoaPods installation.\" >&2\n    exit 1\nfi\n";
			showEnvVarsInLog = 0;
		};
		CEA7F9D105343050F0361611 /* [CP] Copy Pods Resources */ = {
			isa = PBXShellScriptBuildPhase;
			buildActionMask = 2147483647;
			files = (
			);
			inputPaths = (
			);
			name = "[CP] Copy Pods Resources";
			outputPaths = (
			);
			runOnlyForDeploymentPostprocessing = 0;
			shellPath = /bin/sh;
			shellScript = "\"${SRCROOT}/Pods/Target Support Files/Pods-GDG/Pods-GDG-resources.sh\"\n";
			showEnvVarsInLog = 0;
		};
		FA61D73525F8A88B492F0872 /* [CP] Embed Pods Frameworks */ = {
			isa = PBXShellScriptBuildPhase;
			buildActionMask = 2147483647;
			files = (
			);
			inputPaths = (
			);
			name = "[CP] Embed Pods Frameworks";
			outputPaths = (
			);
			runOnlyForDeploymentPostprocessing = 0;
			shellPath = /bin/sh;
			shellScript = "\"${SRCROOT}/Pods/Target Support Files/Pods-GDG/Pods-GDG-frameworks.sh\"\n";
			showEnvVarsInLog = 0;
		};
/* End PBXShellScriptBuildPhase section */

/* Begin PBXSourcesBuildPhase section */
		EF901B021F90DFD400F88DB0 /* Sources */ = {
			isa = PBXSourcesBuildPhase;
			buildActionMask = 2147483647;
			files = (
				EF901B0C1F90DFD500F88DB0 /* ViewController.swift in Sources */,
				EF901B0A1F90DFD500F88DB0 /* AppDelegate.swift in Sources */,
			);
			runOnlyForDeploymentPostprocessing = 0;
		};
/* End PBXSourcesBuildPhase section */

/* Begin PBXVariantGroup section */
		EF901B0D1F90DFD500F88DB0 /* Main.storyboard */ = {
			isa = PBXVariantGroup;
			children = (
				EF901B0E1F90DFD500F88DB0 /* Base */,
			);
			name = Main.storyboard;
			sourceTree = "<group>";
		};
		EF901B121F90DFD500F88DB0 /* LaunchScreen.storyboard */ = {
			isa = PBXVariantGroup;
			children = (
				EF901B131F90DFD500F88DB0 /* Base */,
			);
			name = LaunchScreen.storyboard;
			sourceTree = "<group>";
		};
/* End PBXVariantGroup section */

/* Begin XCBuildConfiguration section */
		EF901B161F90DFD500F88DB0 /* Debug */ = {
			isa = XCBuildConfiguration;
			buildSettings = {
				ALWAYS_SEARCH_USER_PATHS = NO;
				CLANG_ANALYZER_NONNULL = YES;
				CLANG_ANALYZER_NUMBER_OBJECT_CONVERSION = YES_AGGRESSIVE;
				CLANG_CXX_LANGUAGE_STANDARD = "gnu++14";
				CLANG_CXX_LIBRARY = "libc++";
				CLANG_ENABLE_MODULES = YES;
				CLANG_ENABLE_OBJC_ARC = YES;
				CLANG_WARN_BLOCK_CAPTURE_AUTORELEASING = YES;
				CLANG_WARN_BOOL_CONVERSION = YES;
				CLANG_WARN_COMMA = YES;
				CLANG_WARN_CONSTANT_CONVERSION = YES;
				CLANG_WARN_DIRECT_OBJC_ISA_USAGE = YES_ERROR;
				CLANG_WARN_DOCUMENTATION_COMMENTS = YES;
				CLANG_WARN_EMPTY_BODY = YES;
				CLANG_WARN_ENUM_CONVERSION = YES;
				CLANG_WARN_INFINITE_RECURSION = YES;
				CLANG_WARN_INT_CONVERSION = YES;
				CLANG_WARN_NON_LITERAL_NULL_CONVERSION = YES;
				CLANG_WARN_OBJC_LITERAL_CONVERSION = YES;
				CLANG_WARN_OBJC_ROOT_CLASS = YES_ERROR;
				CLANG_WARN_RANGE_LOOP_ANALYSIS = YES;
				CLANG_WARN_STRICT_PROTOTYPES = YES;
				CLANG_WARN_SUSPICIOUS_MOVE = YES;
				CLANG_WARN_UNGUARDED_AVAILABILITY = YES_AGGRESSIVE;
				CLANG_WARN_UNREACHABLE_CODE = YES;
				CLANG_WARN__DUPLICATE_METHOD_MATCH = YES;
				CODE_SIGN_IDENTITY = "iPhone Developer";
				COPY_PHASE_STRIP = NO;
				DEBUG_INFORMATION_FORMAT = dwarf;
				ENABLE_STRICT_OBJC_MSGSEND = YES;
				ENABLE_TESTABILITY = YES;
				GCC_C_LANGUAGE_STANDARD = gnu11;
				GCC_DYNAMIC_NO_PIC = NO;
				GCC_NO_COMMON_BLOCKS = YES;
				GCC_OPTIMIZATION_LEVEL = 0;
				GCC_PREPROCESSOR_DEFINITIONS = (
					"DEBUG=1",
					"$(inherited)",
				);
				GCC_WARN_64_TO_32_BIT_CONVERSION = YES;
				GCC_WARN_ABOUT_RETURN_TYPE = YES_ERROR;
				GCC_WARN_UNDECLARED_SELECTOR = YES;
				GCC_WARN_UNINITIALIZED_AUTOS = YES_AGGRESSIVE;
				GCC_WARN_UNUSED_FUNCTION = YES;
				GCC_WARN_UNUSED_VARIABLE = YES;
				IPHONEOS_DEPLOYMENT_TARGET = 11.0;
				MTL_ENABLE_DEBUG_INFO = YES;
				ONLY_ACTIVE_ARCH = YES;
				SDKROOT = iphoneos;
				SWIFT_ACTIVE_COMPILATION_CONDITIONS = DEBUG;
				SWIFT_OPTIMIZATION_LEVEL = "-Onone";
			};
			name = Debug;
		};
		EF901B171F90DFD500F88DB0 /* Release */ = {
			isa = XCBuildConfiguration;
			buildSettings = {
				ALWAYS_SEARCH_USER_PATHS = NO;
				CLANG_ANALYZER_NONNULL = YES;
				CLANG_ANALYZER_NUMBER_OBJECT_CONVERSION = YES_AGGRESSIVE;
				CLANG_CXX_LANGUAGE_STANDARD = "gnu++14";
				CLANG_CXX_LIBRARY = "libc++";
				CLANG_ENABLE_MODULES = YES;
				CLANG_ENABLE_OBJC_ARC = YES;
				CLANG_WARN_BLOCK_CAPTURE_AUTORELEASING = YES;
				CLANG_WARN_BOOL_CONVERSION = YES;
				CLANG_WARN_COMMA = YES;
				CLANG_WARN_CONSTANT_CONVERSION = YES;
				CLANG_WARN_DIRECT_OBJC_ISA_USAGE = YES_ERROR;
				CLANG_WARN_DOCUMENTATION_COMMENTS = YES;
				CLANG_WARN_EMPTY_BODY = YES;
				CLANG_WARN_ENUM_CONVERSION = YES;
				CLANG_WARN_INFINITE_RECURSION = YES;
				CLANG_WARN_INT_CONVERSION = YES;
				CLANG_WARN_NON_LITERAL_NULL_CONVERSION = YES;
				CLANG_WARN_OBJC_LITERAL_CONVERSION = YES;
				CLANG_WARN_OBJC_ROOT_CLASS = YES_ERROR;
				CLANG_WARN_RANGE_LOOP_ANALYSIS = YES;
				CLANG_WARN_STRICT_PROTOTYPES = YES;
				CLANG_WARN_SUSPICIOUS_MOVE = YES;
				CLANG_WARN_UNGUARDED_AVAILABILITY = YES_AGGRESSIVE;
				CLANG_WARN_UNREACHABLE_CODE = YES;
				CLANG_WARN__DUPLICATE_METHOD_MATCH = YES;
				CODE_SIGN_IDENTITY = "iPhone Developer";
				COPY_PHASE_STRIP = NO;
				DEBUG_INFORMATION_FORMAT = "dwarf-with-dsym";
				ENABLE_NS_ASSERTIONS = NO;
				ENABLE_STRICT_OBJC_MSGSEND = YES;
				GCC_C_LANGUAGE_STANDARD = gnu11;
				GCC_NO_COMMON_BLOCKS = YES;
				GCC_WARN_64_TO_32_BIT_CONVERSION = YES;
				GCC_WARN_ABOUT_RETURN_TYPE = YES_ERROR;
				GCC_WARN_UNDECLARED_SELECTOR = YES;
				GCC_WARN_UNINITIALIZED_AUTOS = YES_AGGRESSIVE;
				GCC_WARN_UNUSED_FUNCTION = YES;
				GCC_WARN_UNUSED_VARIABLE = YES;
				IPHONEOS_DEPLOYMENT_TARGET = 11.0;
				MTL_ENABLE_DEBUG_INFO = NO;
				SDKROOT = iphoneos;
				SWIFT_OPTIMIZATION_LEVEL = "-Owholemodule";
				VALIDATE_PRODUCT = YES;
			};
			name = Release;
		};
		EF901B191F90DFD500F88DB0 /* Debug */ = {
			isa = XCBuildConfiguration;
			baseConfigurationReference = E2DA410FFEC75CEFE54F5AC3 /* Pods-GDG.debug.xcconfig */;
			buildSettings = {
				ASSETCATALOG_COMPILER_APPICON_NAME = AppIcon;
				CODE_SIGN_STYLE = Automatic;
				DEVELOPMENT_TEAM = Z4Q83QXW57;
				INFOPLIST_FILE = GDG/Info.plist;
				LD_RUNPATH_SEARCH_PATHS = "$(inherited) @executable_path/Frameworks";
				PRODUCT_BUNDLE_IDENTIFIER = ru.peerlab.GDG;
				PRODUCT_NAME = "$(TARGET_NAME)";
				SWIFT_VERSION = 4.0;
				TARGETED_DEVICE_FAMILY = "1,2";
			};
			name = Debug;
		};
		EF901B1A1F90DFD500F88DB0 /* Release */ = {
			isa = XCBuildConfiguration;
			baseConfigurationReference = 70302B7F0AE44CE29FF8CD1B /* Pods-GDG.release.xcconfig */;
			buildSettings = {
				ASSETCATALOG_COMPILER_APPICON_NAME = AppIcon;
				CODE_SIGN_STYLE = Automatic;
				DEVELOPMENT_TEAM = Z4Q83QXW57;
				INFOPLIST_FILE = GDG/Info.plist;
				LD_RUNPATH_SEARCH_PATHS = "$(inherited) @executable_path/Frameworks";
				PRODUCT_BUNDLE_IDENTIFIER = ru.peerlab.GDG;
				PRODUCT_NAME = "$(TARGET_NAME)";
				SWIFT_VERSION = 4.0;
				TARGETED_DEVICE_FAMILY = "1,2";
			};
			name = Release;
		};
/* End XCBuildConfiguration section */

/* Begin XCConfigurationList section */
		EF901B011F90DFD400F88DB0 /* Build configuration list for PBXProject "GDG" */ = {
			isa = XCConfigurationList;
			buildConfigurations = (
				EF901B161F90DFD500F88DB0 /* Debug */,
				EF901B171F90DFD500F88DB0 /* Release */,
			);
			defaultConfigurationIsVisible = 0;
			defaultConfigurationName = Release;
		};
		EF901B181F90DFD500F88DB0 /* Build configuration list for PBXNativeTarget "GDG" */ = {
			isa = XCConfigurationList;
			buildConfigurations = (
				EF901B191F90DFD500F88DB0 /* Debug */,
				EF901B1A1F90DFD500F88DB0 /* Release */,
			);
			defaultConfigurationIsVisible = 0;
			defaultConfigurationName = Release;
		};
/* End XCConfigurationList section */
	};
	rootObject = EF901AFE1F90DFD400F88DB0 /* Project object */;
}
